
Microsoft Visual Studio Solution File, Format Version 12.00
Project("{FAE04EC0-301F-11D3-BF4B-00C04F79EFBC}") = "TraderAi", "TraderAi\TraderAi.csproj", "{B7842B29-0683-4F6A-A41B-0F1714939353}"
EndProject
Project("{FAE04EC0-301F-11D3-BF4B-00C04F79EFBC}") = "TraderAi.Tests", "TraderAi.Tests\TraderAi.Tests.csproj", "{B86A1011-89E5-4D8E-A9B9-87DED88C3EE6}"
EndProject
Global
	GlobalSection(SolutionConfigurationPlatforms) = preSolution
		Debug|Any CPU = Debug|Any CPU
		Debug|x64 = Debug|x64
		Debug|x86 = Debug|x86
		Release|Any CPU = Release|Any CPU
		Release|x64 = Release|x64
		Release|x86 = Release|x86
	EndGlobalSection
	GlobalSection(ProjectConfigurationPlatforms) = postSolution
		{B7842B29-0683-4F6A-A41B-0F1714939353}.Debug|Any CPU.ActiveCfg = Debug|Any CPU
		{B7842B29-0683-4F6A-A41B-0F1714939353}.Debug|Any CPU.Build.0 = Debug|Any CPU
		{B7842B29-0683-4F6A-A41B-0F1714939353}.Debug|x64.ActiveCfg = Debug|Any CPU
		{B7842B29-0683-4F6A-A41B-0F1714939353}.Debug|x64.Build.0 = Debug|Any CPU
		{B7842B29-0683-4F6A-A41B-0F1714939353}.Debug|x86.ActiveCfg = Debug|Any CPU
		{B7842B29-0683-4F6A-A41B-0F1714939353}.Debug|x86.Build.0 = Debug|Any CPU
		{B7842B29-0683-4F6A-A41B-0F1714939353}.Release|Any CPU.ActiveCfg = Release|Any CPU
		{B7842B29-0683-4F6A-A41B-0F1714939353}.Release|Any CPU.Build.0 = Release|Any CPU
		{B7842B29-0683-4F6A-A41B-0F1714939353}.Release|x64.ActiveCfg = Release|Any CPU
		{B7842B29-0683-4F6A-A41B-0F1714939353}.Release|x64.Build.0 = Release|Any CPU
		{B7842B29-0683-4F6A-A41B-0F1714939353}.Release|x86.ActiveCfg = Release|Any CPU
		{B7842B29-0683-4F6A-A41B-0F1714939353}.Release|x86.Build.0 = Release|Any CPU
		{B86A1011-89E5-4D8E-A9B9-87DED88C3EE6}.Debug|Any CPU.ActiveCfg = Debug|Any CPU
		{B86A1011-89E5-4D8E-A9B9-87DED88C3EE6}.Debug|Any CPU.Build.0 = Debug|Any CPU
		{B86A1011-89E5-4D8E-A9B9-87DED88C3EE6}.Debug|x64.ActiveCfg = Debug|Any CPU
		{B86A1011-89E5-4D8E-A9B9-87DED88C3EE6}.Debug|x64.Build.0 = Debug|Any CPU
		{B86A1011-89E5-4D8E-A9B9-87DED88C3EE6}.Debug|x86.ActiveCfg = Debug|Any CPU
		{B86A1011-89E5-4D8E-A9B9-87DED88C3EE6}.Debug|x86.Build.0 = Debug|Any CPU
		{B86A1011-89E5-4D8E-A9B9-87DED88C3EE6}.Release|Any CPU.ActiveCfg = Release|Any CPU
		{B86A1011-89E5-4D8E-A9B9-87DED88C3EE6}.Release|Any CPU.Build.0 = Release|Any CPU
		{B86A1011-89E5-4D8E-A9B9-87DED88C3EE6}.Release|x64.ActiveCfg = Release|Any CPU
		{B86A1011-89E5-4D8E-A9B9-87DED88C3EE6}.Release|x64.Build.0 = Release|Any CPU
		{B86A1011-89E5-4D8E-A9B9-87DED88C3EE6}.Release|x86.ActiveCfg = Release|Any CPU
		{B86A1011-89E5-4D8E-A9B9-87DED88C3EE6}.Release|x86.Build.0 = Release|Any CPU
	EndGlobalSection
	GlobalSection(SolutionProperties) = preSolution
		HideSolutionNode = FALSE
	EndGlobalSection
EndGlobal
